# This file was autogenerated by Stack.
# You should not edit this file by hand.
# For more information, please see the documentation at:
#   https://docs.haskellstack.org/en/stable/lock_files

packages:
- completed:
    hackage: mersenne-random-1.0.0.1@sha256:c2c7c88765030e4a6003e921e7676858a048f75bc2f38d58ddafd3b102be6d82,3637
    pantry-tree:
      size: 1770
      sha256: 087123b35bf7a9f5dd0e8cf39625afc3daea60e3b2ede73a0fbc471e3d2a82a3
  original:
    hackage: mersenne-random-1.0.0.1
snapshots:
- completed:
    size: 567037
    url: https://raw.githubusercontent.com/commercialhaskell/stackage-snapshots/master/lts/17/9.yaml
    sha256: d7d8d5106e53d1669964bd8bd2b0f88a5ad192d772f5376384b76738fd992311
  original: lts-17.9
